# Generated by pub
# See https://dart.dev/tools/pub/glossary#lockfile
packages:
  _flutterfire_internals:
    dependency: transitive
    description:
      name: _flutterfire_internals
<<<<<<< HEAD
      sha256: "64fcb0dbca4386356386c085142fa6e79c00a3326ceaa778a2d25f5d9ba61441"
      url: "https://pub.dev"
=======
      url: "https://pub.dartlang.org"
>>>>>>> fce618d918174f3542ddd666ec853f70e0f9f600
    source: hosted
    version: "1.0.16"
  async:
    dependency: transitive
    description:
      name: async
      url: "https://pub.dartlang.org"
    source: hosted
    version: "2.9.0"
  boolean_selector:
    dependency: transitive
    description:
      name: boolean_selector
      url: "https://pub.dartlang.org"
    source: hosted
    version: "2.1.0"
  characters:
    dependency: transitive
    description:
      name: characters
      url: "https://pub.dartlang.org"
    source: hosted
    version: "1.2.1"
  clock:
    dependency: transitive
    description:
      name: clock
      url: "https://pub.dartlang.org"
    source: hosted
    version: "1.1.1"
  collection:
    dependency: transitive
    description:
      name: collection
      url: "https://pub.dartlang.org"
    source: hosted
    version: "1.16.0"
  cupertino_icons:
    dependency: "direct main"
    description:
      name: cupertino_icons
      url: "https://pub.dartlang.org"
    source: hosted
    version: "1.0.5"
  fake_async:
    dependency: transitive
    description:
      name: fake_async
      url: "https://pub.dartlang.org"
    source: hosted
    version: "1.3.1"
  firebase_auth:
    dependency: "direct main"
    description:
      name: firebase_auth
      sha256: "9907d80446466e638dad31c195150b305dffd145dc57610fcd12c72289432143"
      url: "https://pub.dev"
    source: hosted
    version: "4.2.9"
  firebase_auth_platform_interface:
    dependency: transitive
    description:
      name: firebase_auth_platform_interface
      sha256: c645fec50b0391aa878288f58fa4fe9762c271380c457aedf5c7c9b718604f68
      url: "https://pub.dev"
    source: hosted
    version: "6.11.11"
  firebase_auth_web:
    dependency: transitive
    description:
      name: firebase_auth_web
      sha256: "2dcf2a36852b9091741b4a4047a02e1f2c43a62c6cacec7df573a793a6543e6d"
      url: "https://pub.dev"
    source: hosted
    version: "5.2.8"
  firebase_core:
    dependency: "direct main"
    description:
      name: firebase_core
<<<<<<< HEAD
      sha256: fe30ac230f12f8836bb97e6e09197340d3c584526825b1746ea362a82e1e43f7
      url: "https://pub.dev"
=======
      url: "https://pub.dartlang.org"
>>>>>>> fce618d918174f3542ddd666ec853f70e0f9f600
    source: hosted
    version: "2.7.0"
  firebase_core_platform_interface:
    dependency: transitive
    description:
      name: firebase_core_platform_interface
<<<<<<< HEAD
      sha256: "5615b30c36f55b2777d0533771deda7e5730e769e5d3cb7fda79e9bed86cfa55"
      url: "https://pub.dev"
=======
      url: "https://pub.dartlang.org"
>>>>>>> fce618d918174f3542ddd666ec853f70e0f9f600
    source: hosted
    version: "4.5.3"
  firebase_core_web:
    dependency: transitive
    description:
      name: firebase_core_web
<<<<<<< HEAD
      sha256: "291fbcace608aca6c860652e1358ef89752be8cc3ef227f8bbcd1e62775b833a"
      url: "https://pub.dev"
=======
      url: "https://pub.dartlang.org"
>>>>>>> fce618d918174f3542ddd666ec853f70e0f9f600
    source: hosted
    version: "2.2.1"
  firebase_database:
    dependency: "direct main"
    description:
      name: firebase_database
      url: "https://pub.dartlang.org"
    source: hosted
    version: "10.0.14"
  firebase_database_platform_interface:
    dependency: transitive
    description:
      name: firebase_database_platform_interface
      url: "https://pub.dartlang.org"
    source: hosted
    version: "0.2.2+21"
  firebase_database_web:
    dependency: transitive
    description:
      name: firebase_database_web
      url: "https://pub.dartlang.org"
    source: hosted
    version: "0.2.1+23"
  flutter:
    dependency: "direct main"
    description: flutter
    source: sdk
    version: "0.0.0"
  flutter_lints:
    dependency: "direct dev"
    description:
      name: flutter_lints
      url: "https://pub.dartlang.org"
    source: hosted
    version: "2.0.1"
  flutter_svg:
    dependency: "direct main"
    description:
      name: flutter_svg
      url: "https://pub.dartlang.org"
    source: hosted
    version: "1.1.6"
  flutter_test:
    dependency: "direct dev"
    description: flutter
    source: sdk
    version: "0.0.0"
  flutter_web_plugins:
    dependency: transitive
    description: flutter
    source: sdk
    version: "0.0.0"
<<<<<<< HEAD
  http_parser:
    dependency: transitive
    description:
      name: http_parser
      sha256: "2aa08ce0341cc9b354a498388e30986515406668dbcc4f7c950c3e715496693b"
      url: "https://pub.dev"
    source: hosted
    version: "4.0.2"
=======
  form_field_validator:
    dependency: "direct main"
    description:
      name: form_field_validator
      url: "https://pub.dartlang.org"
    source: hosted
    version: "1.1.0"
>>>>>>> fce618d918174f3542ddd666ec853f70e0f9f600
  intl:
    dependency: transitive
    description:
      name: intl
<<<<<<< HEAD
      sha256: "910f85bce16fb5c6f614e117efa303e85a1731bb0081edf3604a2ae6e9a3cc91"
      url: "https://pub.dev"
    source: hosted
    version: "0.17.0"
=======
      url: "https://pub.dartlang.org"
    source: hosted
    version: "0.18.0"
>>>>>>> fce618d918174f3542ddd666ec853f70e0f9f600
  js:
    dependency: transitive
    description:
      name: js
      url: "https://pub.dartlang.org"
    source: hosted
    version: "0.6.4"
  lints:
    dependency: transitive
    description:
      name: lints
      url: "https://pub.dartlang.org"
    source: hosted
    version: "2.0.1"
  matcher:
    dependency: transitive
    description:
      name: matcher
      url: "https://pub.dartlang.org"
    source: hosted
    version: "0.12.12"
  material_color_utilities:
    dependency: transitive
    description:
      name: material_color_utilities
      url: "https://pub.dartlang.org"
    source: hosted
    version: "0.1.5"
  meta:
    dependency: transitive
    description:
      name: meta
      url: "https://pub.dartlang.org"
    source: hosted
    version: "1.8.0"
  path:
    dependency: transitive
    description:
      name: path
      url: "https://pub.dartlang.org"
    source: hosted
    version: "1.8.2"
  path_drawing:
    dependency: transitive
    description:
      name: path_drawing
      url: "https://pub.dartlang.org"
    source: hosted
    version: "1.0.1"
  path_parsing:
    dependency: transitive
    description:
      name: path_parsing
      url: "https://pub.dartlang.org"
    source: hosted
    version: "1.0.1"
  petitparser:
    dependency: transitive
    description:
      name: petitparser
      url: "https://pub.dartlang.org"
    source: hosted
    version: "5.1.0"
  plugin_platform_interface:
    dependency: transitive
    description:
      name: plugin_platform_interface
      url: "https://pub.dartlang.org"
    source: hosted
    version: "2.1.4"
  sky_engine:
    dependency: transitive
    description: flutter
    source: sdk
    version: "0.0.99"
  source_span:
    dependency: transitive
    description:
      name: source_span
      url: "https://pub.dartlang.org"
    source: hosted
    version: "1.9.0"
  stack_trace:
    dependency: transitive
    description:
      name: stack_trace
      url: "https://pub.dartlang.org"
    source: hosted
    version: "1.10.0"
  stream_channel:
    dependency: transitive
    description:
      name: stream_channel
      url: "https://pub.dartlang.org"
    source: hosted
    version: "2.1.0"
  string_scanner:
    dependency: transitive
    description:
      name: string_scanner
      url: "https://pub.dartlang.org"
    source: hosted
    version: "1.1.1"
  term_glyph:
    dependency: transitive
    description:
      name: term_glyph
      url: "https://pub.dartlang.org"
    source: hosted
    version: "1.2.1"
  test_api:
    dependency: transitive
    description:
      name: test_api
      url: "https://pub.dartlang.org"
    source: hosted
<<<<<<< HEAD
    version: "0.4.16"
  typed_data:
    dependency: transitive
    description:
      name: typed_data
      sha256: "26f87ade979c47a150c9eaab93ccd2bebe70a27dc0b4b29517f2904f04eb11a5"
      url: "https://pub.dev"
    source: hosted
    version: "1.3.1"
=======
    version: "0.4.12"
>>>>>>> fce618d918174f3542ddd666ec853f70e0f9f600
  vector_math:
    dependency: transitive
    description:
      name: vector_math
      url: "https://pub.dartlang.org"
    source: hosted
    version: "2.1.2"
  xml:
    dependency: transitive
    description:
      name: xml
      url: "https://pub.dartlang.org"
    source: hosted
    version: "6.1.0"
sdks:
  dart: ">=2.18.5 <3.0.0"
  flutter: ">=2.11.0-0.1.pre"
